
Microsoft Visual Studio Solution File, Format Version 12.00
# Visual Studio Version 17
VisualStudioVersion = 17.6.33723.286
MinimumVisualStudioVersion = 10.0.40219.1
Project("{FAE04EC0-301F-11D3-BF4B-00C04F79EFBC}") = "Practical_6", "Practical_6.csproj", "{C23087C1-2948-4260-8D09-BC93BE733C16}"
EndProject
Global
	GlobalSection(SolutionConfigurationPlatforms) = preSolution
		Debug|Any CPU = Debug|Any CPU
		Release|Any CPU = Release|Any CPU
	EndGlobalSection
	GlobalSection(ProjectConfigurationPlatforms) = postSolution
		{C23087C1-2948-4260-8D09-BC93BE733C16}.Debug|Any CPU.ActiveCfg = Debug|Any CPU
		{C23087C1-2948-4260-8D09-BC93BE733C16}.Debug|Any CPU.Build.0 = Debug|Any CPU
		{C23087C1-2948-4260-8D09-BC93BE733C16}.Release|Any CPU.ActiveCfg = Release|Any CPU
		{C23087C1-2948-4260-8D09-BC93BE733C16}.Release|Any CPU.Build.0 = Release|Any CPU
	EndGlobalSection
	GlobalSection(SolutionProperties) = preSolution
		HideSolutionNode = FALSE
	EndGlobalSection
	GlobalSection(ExtensibilityGlobals) = postSolution
		SolutionGuid = {A23CDD80-DE21-4EE4-AC9B-9BEF044831BD}
	EndGlobalSection
EndGlobal
